{
  "name": "sparql-engine",
  "version": "0.8.3",
  "lockfileVersion": 3,
  "requires": true,
  "packages": {
    "": {
      "name": "sparql-engine",
      "version": "0.8.3",
      "license": "MIT",
      "dependencies": {
        "@seald-io/binary-search-tree": "^1.0.3",
        "date-fns": "^4.1.0",
        "js-md5": "^0.8.3",
        "lodash-es": "^4.17.21",
        "lru-cache": "^11.1.0",
        "rdf-data-factory": "^2.0.2",
        "rdf-string": "^2.0.1",
        "rxjs": "^8.0.0-alpha.14",
        "sparqljs": "^3.7.3",
        "xml": "^1.0.1"
      },
      "devDependencies": {
        "@rdfjs/types": "^2.0.1",
        "@tsconfig/node-ts": "^23.6.1",
        "@tsconfig/node22": "^22.0.2",
        "@types/chai": "^5.2.2",
        "@types/chai-xml": "^0.3.6",
        "@types/lodash-es": "^4.17.12",
        "@types/node": "^22.16.5",
        "@types/rdfjs__data-model": "^2.0.9",
        "@types/sparqljs": "^3.1.12",
        "@types/xml": "^1.0.2",
        "chai": "^5.2.1",
        "chai-xml": "^0.4.1",
        "n3": "^0.11.3",
        "prettier": "^3.6.2",
        "typescript": "5.8.x"
      }
    },
    "node_modules/@rdfjs/types": {
      "version": "2.0.1",
      "resolved": "https://registry.npmjs.org/@rdfjs/types/-/types-2.0.1.tgz",
      "integrity": "sha512-uyAzpugX7KekAXAHq26m3JlUIZJOC0uSBhpnefGV5i15bevDyyejoB7I+9MKeUrzXD8OOUI3+4FeV1wwQr5ihA==",
      "dependencies": {
        "@types/node": "*"
      }
    },
    "node_modules/@seald-io/binary-search-tree": {
      "version": "1.0.3",
      "resolved": "https://registry.npmjs.org/@seald-io/binary-search-tree/-/binary-search-tree-1.0.3.tgz",
      "integrity": "sha512-qv3jnwoakeax2razYaMsGI/luWdliBLHTdC6jU55hQt1hcFqzauH/HsBollQ7IR4ySTtYhT+xyHoijpA16C+tA=="
    },
    "node_modules/@tsconfig/node-ts": {
      "version": "23.6.1",
      "resolved": "https://registry.npmjs.org/@tsconfig/node-ts/-/node-ts-23.6.1.tgz",
      "integrity": "sha512-1E5cUp+S65pLKKI9VrGMQPWDHxOEq3dAGM2onG3fLeSRwWbylYFwhIjnzJikjSN7w2nCgwxmv8ifvUKDFkK38Q==",
      "dev": true
    },
    "node_modules/@tsconfig/node22": {
      "version": "22.0.2",
      "resolved": "https://registry.npmjs.org/@tsconfig/node22/-/node22-22.0.2.tgz",
      "integrity": "sha512-Kmwj4u8sDRDrMYRoN9FDEcXD8UpBSaPQQ24Gz+Gamqfm7xxn+GBR7ge/Z7pK8OXNGyUzbSwJj+TH6B+DS/epyA==",
      "dev": true
    },
    "node_modules/@types/chai": {
      "version": "5.2.2",
      "resolved": "https://registry.npmjs.org/@types/chai/-/chai-5.2.2.tgz",
      "integrity": "sha512-8kB30R7Hwqf40JPiKhVzodJs2Qc1ZJ5zuT3uzw5Hq/dhNCl3G3l83jfpdI1e20BP348+fV7VIL/+FxaXkqBmWg==",
      "dev": true,
      "dependencies": {
        "@types/deep-eql": "*"
      }
    },
    "node_modules/@types/chai-xml": {
      "version": "0.3.6",
      "resolved": "https://registry.npmjs.org/@types/chai-xml/-/chai-xml-0.3.6.tgz",
      "integrity": "sha512-Oz5zQr9EDXtgntHGtCvoSVBdM+ZQMY8IksncLBuTYWYgdpm31v5iGcMCGEoTOiepKkszcbJtvEdcjc77x4cZQg==",
      "dev": true,
      "dependencies": {
        "@types/chai": "*"
      }
    },
    "node_modules/@types/deep-eql": {
      "version": "4.0.2",
      "resolved": "https://registry.npmjs.org/@types/deep-eql/-/deep-eql-4.0.2.tgz",
      "integrity": "sha512-c9h9dVVMigMPc4bwTvC5dxqtqJZwQPePsWjPlpSOnojbor6pGqdk541lfA7AqFQr5pB1BRdq0juY9db81BwyFw==",
      "dev": true
    },
    "node_modules/@types/lodash": {
      "version": "4.17.20",
      "resolved": "https://registry.npmjs.org/@types/lodash/-/lodash-4.17.20.tgz",
      "integrity": "sha512-H3MHACvFUEiujabxhaI/ImO6gUrd8oOurg7LQtS7mbwIXA/cUqWrvBsaeJ23aZEPk1TAYkurjfMbSELfoCXlGA==",
      "dev": true
    },
    "node_modules/@types/lodash-es": {
      "version": "4.17.12",
      "resolved": "https://registry.npmjs.org/@types/lodash-es/-/lodash-es-4.17.12.tgz",
      "integrity": "sha512-0NgftHUcV4v34VhXm8QBSftKVXtbkBG3ViCjs6+eJ5a6y6Mi/jiFGPc1sC7QK+9BFhWrURE3EOggmWaSxL9OzQ==",
      "dev": true,
      "dependencies": {
        "@types/lodash": "*"
      }
    },
    "node_modules/@types/node": {
      "version": "22.16.5",
      "resolved": "https://registry.npmjs.org/@types/node/-/node-22.16.5.tgz",
      "integrity": "sha512-bJFoMATwIGaxxx8VJPeM8TonI8t579oRvgAuT8zFugJsJZgzqv0Fu8Mhp68iecjzG7cnN3mO2dJQ5uUM2EFrgQ==",
      "dependencies": {
        "undici-types": "~6.21.0"
      }
    },
    "node_modules/@types/rdfjs__data-model": {
      "version": "2.0.9",
      "resolved": "https://registry.npmjs.org/@types/rdfjs__data-model/-/rdfjs__data-model-2.0.9.tgz",
      "integrity": "sha512-rgQSlM9jr7XMZdC0xUIr0zsxf5FvdB4cxxzv+MlHm6uJGip5qi0q+BluNhakAzaM2I56nKLDqSE3I/XuOaHGnA==",
      "dev": true,
      "dependencies": {
        "@rdfjs/types": "*"
      }
    },
    "node_modules/@types/sparqljs": {
      "version": "3.1.12",
      "resolved": "https://registry.npmjs.org/@types/sparqljs/-/sparqljs-3.1.12.tgz",
      "integrity": "sha512-zg/sdKKtYI0845wKPSuSgunyU1o/+7tRzMw85lHsf4p/0UbA6+65MXAyEtv1nkaqSqrq/bXm7+bqXas+Xo5dpQ==",
      "dev": true,
      "dependencies": {
        "@rdfjs/types": ">=1.0.0"
      }
    },
    "node_modules/@types/xml": {
      "version": "1.0.11",
      "resolved": "https://registry.npmjs.org/@types/xml/-/xml-1.0.11.tgz",
      "integrity": "sha512-9gktTjxBWoz4+X8ZOS+QRFM2/liMQgBv8Z36wuNnomK5jtXFq4IJa7Az4Hzoy+rYux343NkH9Dq+nzIdejVrjw==",
      "dev": true,
      "dependencies": {
        "@types/node": "*"
      }
    },
    "node_modules/assertion-error": {
      "version": "2.0.1",
      "resolved": "https://registry.npmjs.org/assertion-error/-/assertion-error-2.0.1.tgz",
      "integrity": "sha512-Izi8RQcffqCeNVgFigKli1ssklIbpHnCYc6AknXGYoB6grJqyeby7jv12JUQgmTAnIDnbck1uxksT4dzN3PWBA==",
      "dev": true,
      "engines": {
        "node": ">=12"
      }
    },
    "node_modules/chai": {
      "version": "5.2.1",
      "resolved": "https://registry.npmjs.org/chai/-/chai-5.2.1.tgz",
      "integrity": "sha512-5nFxhUrX0PqtyogoYOA8IPswy5sZFTOsBFl/9bNsmDLgsxYTzSZQJDPppDnZPTQbzSEm0hqGjWPzRemQCYbD6A==",
      "dev": true,
      "dependencies": {
        "assertion-error": "^2.0.1",
        "check-error": "^2.1.1",
        "deep-eql": "^5.0.1",
        "loupe": "^3.1.0",
        "pathval": "^2.0.0"
      },
      "engines": {
        "node": ">=18"
      }
    },
    "node_modules/chai-xml": {
      "version": "0.4.1",
      "resolved": "https://registry.npmjs.org/chai-xml/-/chai-xml-0.4.1.tgz",
      "integrity": "sha512-VUf5Ol4ifOAsgz+lN4tfWENgQtrKxHPWsmpL5wdbqQdkpblZkcDlaT2aFvsPQH219Yvl8vc4064yFErgBIn9bw==",
      "dev": true,
      "dependencies": {
        "xml2js": "^0.5.0"
      },
      "engines": {
        "node": ">= 0.8.0"
      },
      "peerDependencies": {
        "chai": ">=1.10.0 "
      }
    },
    "node_modules/check-error": {
      "version": "2.1.1",
      "resolved": "https://registry.npmjs.org/check-error/-/check-error-2.1.1.tgz",
      "integrity": "sha512-OAlb+T7V4Op9OwdkjmguYRqncdlx5JiofwOAUkmTF+jNdHwzTaTs4sRAGpzLF3oOz5xAyDGrPgeIDFQmDOTiJw==",
      "dev": true,
      "engines": {
        "node": ">= 16"
      }
    },
    "node_modules/date-fns": {
      "version": "4.1.0",
      "resolved": "https://registry.npmjs.org/date-fns/-/date-fns-4.1.0.tgz",
      "integrity": "sha512-Ukq0owbQXxa/U3EGtsdVBkR1w7KOQ5gIBqdH2hkvknzZPYvBxb/aa6E8L7tmjFtkwZBu3UXBbjIgPo/Ez4xaNg==",
      "funding": {
        "type": "github",
        "url": "https://github.com/sponsors/kossnocorp"
      }
    },
    "node_modules/deep-eql": {
      "version": "5.0.2",
      "resolved": "https://registry.npmjs.org/deep-eql/-/deep-eql-5.0.2.tgz",
      "integrity": "sha512-h5k/5U50IJJFpzfL6nO9jaaumfjO/f2NjK/oYB2Djzm4p9L+3T9qWpZqZ2hAbLPuuYq9wrU08WQyBTL5GbPk5Q==",
      "dev": true,
      "engines": {
        "node": ">=6"
      }
    },
    "node_modules/js-md5": {
      "version": "0.8.3",
      "resolved": "https://registry.npmjs.org/js-md5/-/js-md5-0.8.3.tgz",
      "integrity": "sha512-qR0HB5uP6wCuRMrWPTrkMaev7MJZwJuuw4fnwAzRgP4J4/F8RwtodOKpGp4XpqsLBFzzgqIO42efFAyz2Et6KQ=="
    },
    "node_modules/lodash-es": {
      "version": "4.17.21",
      "resolved": "https://registry.npmjs.org/lodash-es/-/lodash-es-4.17.21.tgz",
      "integrity": "sha512-mKnC+QJ9pWVzv+C4/U3rRsHapFfHvQFoFB92e52xeyGMcX6/OlIl78je1u8vePzYZSkkogMPJ2yjxxsb89cxyw=="
    },
    "node_modules/loupe": {
      "version": "3.2.0",
      "resolved": "https://registry.npmjs.org/loupe/-/loupe-3.2.0.tgz",
      "integrity": "sha512-2NCfZcT5VGVNX9mSZIxLRkEAegDGBpuQZBy13desuHeVORmBDyAET4TkJr4SjqQy3A8JDofMN6LpkK8Xcm/dlw==",
      "dev": true
    },
    "node_modules/lru-cache": {
      "version": "11.1.0",
      "resolved": "https://registry.npmjs.org/lru-cache/-/lru-cache-11.1.0.tgz",
      "integrity": "sha512-QIXZUBJUx+2zHUdQujWejBkcD9+cs94tLn0+YL8UrCh+D5sCXZ4c7LaEH48pNwRY3MLDgqUFyhlCyjJPf1WP0A==",
      "engines": {
        "node": "20 || >=22"
      }
    },
    "node_modules/n3": {
      "version": "0.11.3",
      "resolved": "https://registry.npmjs.org/n3/-/n3-0.11.3.tgz",
      "integrity": "sha512-Hk5GSXBeAZrYoqi+NeS/U0H47Hx0Lzj7K6nLWCZpC9E04iUwEwBcrlMb/5foAli7QF4newPNQQQGgM6IAxTxGg==",
      "dev": true,
      "engines": {
        "node": ">=4.0"
      }
    },
    "node_modules/pathval": {
      "version": "2.0.1",
      "resolved": "https://registry.npmjs.org/pathval/-/pathval-2.0.1.tgz",
      "integrity": "sha512-//nshmD55c46FuFw26xV/xFAaB5HF9Xdap7HJBBnrKdAd6/GxDBaNA1870O79+9ueg61cZLSVc+OaFlfmObYVQ==",
      "dev": true,
      "engines": {
        "node": ">= 14.16"
      }
    },
    "node_modules/prettier": {
      "version": "3.6.2",
      "resolved": "https://registry.npmjs.org/prettier/-/prettier-3.6.2.tgz",
      "integrity": "sha512-I7AIg5boAr5R0FFtJ6rCfD+LFsWHp81dolrFD8S79U9tb8Az2nGrJncnMSnys+bpQJfRUzqs9hnA81OAA3hCuQ==",
      "dev": true,
      "bin": {
        "prettier": "bin/prettier.cjs"
      },
      "engines": {
        "node": ">=14"
      },
      "funding": {
        "url": "https://github.com/prettier/prettier?sponsor=1"
      }
    },
    "node_modules/rdf-data-factory": {
      "version": "2.0.2",
      "resolved": "https://registry.npmjs.org/rdf-data-factory/-/rdf-data-factory-2.0.2.tgz",
      "integrity": "sha512-WzPoYHwQYWvIP9k+7IBLY1b4nIDitzAK4mA37WumAF/Cjvu/KOtYJH9IPZnUTWNSd5K2+pq4vrcE9WZC4sRHhg==",
      "dependencies": {
        "@rdfjs/types": "^2.0.0"
      },
      "funding": {
        "type": "individual",
        "url": "https://github.com/sponsors/rubensworks/"
      }
    },
    "node_modules/rdf-string": {
      "version": "2.0.1",
      "resolved": "https://registry.npmjs.org/rdf-string/-/rdf-string-2.0.1.tgz",
      "integrity": "sha512-SMW4ponnKNrsP9kYpOLyICeM4UJmEXIeS3zri7kPK9gzLFsHD88oiza8LnokNYxd76zW4JoYWD+v4x0g8rJBjw==",
      "dependencies": {
        "rdf-data-factory": "^2.0.0"
      },
      "funding": {
        "type": "individual",
        "url": "https://github.com/sponsors/rubensworks/"
      }
    },
    "node_modules/rxjs": {
      "version": "8.0.0-alpha.14",
      "resolved": "https://registry.npmjs.org/rxjs/-/rxjs-8.0.0-alpha.14.tgz",
      "integrity": "sha512-oRCzFwbAMbo0+dVUeGUCCEf339mW7CESFvVDG3RTncD6yMtV2XoubFMpKEhBd2a9d04EpHl8QSz84/V/agG6bw=="
    },
    "node_modules/sax": {
      "version": "1.4.1",
      "resolved": "https://registry.npmjs.org/sax/-/sax-1.4.1.tgz",
      "integrity": "sha512-+aWOz7yVScEGoKNd4PA10LZ8sk0A/z5+nXQG5giUO5rprX9jgYsTdov9qCchZiPIZezbZH+jRut8nPodFAX4Jg==",
      "dev": true
    },
    "node_modules/sparqljs": {
      "version": "3.7.3",
      "resolved": "https://registry.npmjs.org/sparqljs/-/sparqljs-3.7.3.tgz",
      "integrity": "sha512-FQfHUhfwn5PD9WH6xPU7DhFfXMgqK/XoDrYDVxz/grhw66Il0OjRg3JBgwuEvwHnQt7oSTiKWEiCZCPNaUbqgg==",
      "dependencies": {
        "rdf-data-factory": "^1.1.2"
      },
      "bin": {
        "sparqljs": "bin/sparql-to-json"
      },
      "engines": {
        "node": "^12.22.0 || ^14.17.0 || >=16.0.0"
      }
    },
    "node_modules/typescript": {
      "version": "5.8.3",
      "resolved": "https://registry.npmjs.org/typescript/-/typescript-5.8.3.tgz",
      "integrity": "sha512-p1diW6TqL9L07nNxvRMM7hMMw4c5XOo/1ibL4aAIGmSAt9slTE1Xgw5KWuof2uTOvCg9BY7ZRi+GaF+7sfgPeQ==",
      "dev": true,
      "bin": {
        "tsc": "bin/tsc",
        "tsserver": "bin/tsserver"
      },
      "engines": {
        "node": ">=14.17"
      }
    },
    "node_modules/undici-types": {
      "version": "6.21.0",
      "resolved": "https://registry.npmjs.org/undici-types/-/undici-types-6.21.0.tgz",
      "integrity": "sha512-iwDZqg0QAGrg9Rav5H4n0M64c3mkR59cJ6wQp+7C4nI0gsmExaedaYLNO44eT4AtBBwjbTiGPMlt2Md0T9H9JQ=="
    },
    "node_modules/xml": {
      "version": "1.0.1",
      "resolved": "https://registry.npmjs.org/xml/-/xml-1.0.1.tgz",
      "integrity": "sha512-huCv9IH9Tcf95zuYCsQraZtWnJvBtLVE0QHMOs8bWyZAFZNDcYjsPq1nEx8jKA9y+Beo9v+7OBPRisQTjinQMw=="
    },
    "node_modules/xml2js": {
      "version": "0.5.0",
      "resolved": "https://registry.npmjs.org/xml2js/-/xml2js-0.5.0.tgz",
      "integrity": "sha512-drPFnkQJik/O+uPKpqSgr22mpuFHqKdbS835iAQrUC73L2F5WkboIRd63ai/2Yg6I1jzifPFKH2NTK+cfglkIA==",
      "dev": true,
      "dependencies": {
        "sax": ">=0.6.0",
        "xmlbuilder": "~11.0.0"
      },
      "engines": {
        "node": ">=4.0.0"
      }
    },
    "node_modules/xmlbuilder": {
      "version": "11.0.1",
      "resolved": "https://registry.npmjs.org/xmlbuilder/-/xmlbuilder-11.0.1.tgz",
      "integrity": "sha512-fDlsI/kFEx7gLvbecc0/ohLG50fugQp8ryHzMTuW9vSa1GJ0XYWKnhsUx7oie3G98+r56aTQIUB4kht42R3JvA==",
      "dev": true,
      "engines": {
        "node": ">=4.0"
      }
    }
  }
}
